
Microsoft Visual Studio Solution File, Format Version 12.00
# Visual Studio Version 17
VisualStudioVersion = 17.7.34024.191
MinimumVisualStudioVersion = 10.0.40219.1
Project("{FAE04EC0-301F-11D3-BF4B-00C04F79EFBC}") = "CarService", "CarService\CarService.csproj", "{DA3EED95-1B22-40F9-B4B9-B3127C0882AC}"
EndProject
Global
	GlobalSection(SolutionConfigurationPlatforms) = preSolution
		Debug|Any CPU = Debug|Any CPU
		Release|Any CPU = Release|Any CPU
	EndGlobalSection
	GlobalSection(ProjectConfigurationPlatforms) = postSolution
		{DA3EED95-1B22-40F9-B4B9-B3127C0882AC}.Debug|Any CPU.ActiveCfg = Debug|Any CPU
		{DA3EED95-1B22-40F9-B4B9-B3127C0882AC}.Debug|Any CPU.Build.0 = Debug|Any CPU
		{DA3EED95-1B22-40F9-B4B9-B3127C0882AC}.Release|Any CPU.ActiveCfg = Release|Any CPU
		{DA3EED95-1B22-40F9-B4B9-B3127C0882AC}.Release|Any CPU.Build.0 = Release|Any CPU
	EndGlobalSection
	GlobalSection(SolutionProperties) = preSolution
		HideSolutionNode = FALSE
	EndGlobalSection
	GlobalSection(ExtensibilityGlobals) = postSolution
		SolutionGuid = {AEB4CCA9-F472-4726-9474-1D0784E9C22E}
	EndGlobalSection
EndGlobal
